{
    "_readme": [
        "This file locks the dependencies of your project to a known state",
        "Read more about it at https://getcomposer.org/doc/01-basic-usage.md#installing-dependencies",
        "This file is @generated automatically"
    ],
    "content-hash": "4ed8132e20bc94b1bfe2d98e93cb2982",
    "packages": [
        {
            "name": "laravel/framework",
            "version": "v13.3.0",
            "source": {
                "type": "git",
                "url": "https://github.com/laravel/framework.git",
                "reference": "118b7063c44a2f3421d1646f5ddf08defcfd1db3"
            },
            "dist": {
                "type": "zip",
                "url": "http://localhost:8080/cache/laravel/framework?v=v13.3.0",
                "reference": "118b7063c44a2f3421d1646f5ddf08defcfd1db3",
                "shasum": ""
            },
            "type": "library",
            "license": [
                "MIT"
            ],
            "authors": [
                {
                    "name": "Taylor Otwell",
                    "email": "taylor@laravel.com"
                }
            ],
            "description": "The Laravel Framework.",
            "homepage": "https://laravel.com",
            "keywords": [
                "framework",
                "laravel"
            ],
            "support": {
                "issues": "https://github.com/laravel/framework/issues",
                "source": "https://github.com/laravel/framework"
            },
            "time": "2026-04-01T15:39:53+00:00"
        },
        {
            "name": "laravel/tinker",
            "version": "v3.0.0",
            "source": {
                "type": "git",
                "url": "https://github.com/laravel/tinker.git",
                "reference": "cc74081282ba2e3dae1f0068ccb330370d24634e"
            },
            "dist": {
                "type": "zip",
                "url": "http://localhost:8080/cache/laravel/tinker?v=v3.0.0",
                "reference": "cc74081282ba2e3dae1f0068ccb330370d24634e",
                "shasum": ""
            },
            "type": "library",
            "license": [
                "MIT"
            ],
            "authors": [
                {
                    "name": "Taylor Otwell",
                    "email": "taylor@laravel.com"
                }
            ],
            "description": "Powerful REPL for the Laravel framework.",
            "keywords": [
                "REPL",
                "Tinker",
                "laravel",
                "psysh"
            ],
            "support": {
                "issues": "https://github.com/laravel/tinker/issues",
                "source": "https://github.com/laravel/tinker/tree/v3.0.0"
            },
            "time": "2026-03-17T14:53:17+00:00"
        }
    ],
    "packages-dev": [
        {
            "name": "fakerphp/faker",
            "version": "v1.24.1",
            "source": {
                "type": "git",
                "url": "https://github.com/FakerPHP/Faker.git",
                "reference": "e0ee18eb1e6dc3cda3ce9fd97e5a0689a88a64b5"
            },
            "dist": {
                "type": "zip",
                "url": "http://localhost:8080/cache/fakerphp/faker?v=v1.24.1",
                "reference": "e0ee18eb1e6dc3cda3ce9fd97e5a0689a88a64b5",
                "shasum": ""
            },
            "type": "library",
            "license": [
                "MIT"
            ],
            "authors": [
                {
                    "name": "François Zaninotto"
                }
            ],
            "description": "Faker is a PHP library that generates fake data for you.",
            "keywords": [
                "data",
                "faker",
                "fixtures"
            ],
            "support": {
                "issues": "https://github.com/FakerPHP/Faker/issues",
                "source": "https://github.com/FakerPHP/Faker/tree/v1.24.1"
            },
            "time": "2024-11-21T13:46:39+00:00"
        },
        {
            "name": "laravel/pail",
            "version": "v1.2.6",
            "source": {
                "type": "git",
                "url": "https://github.com/laravel/pail.git",
                "reference": "aa71a01c309e7f66bc2ec4fb1a59291b82eb4abf"
            },
            "dist": {
                "type": "zip",
                "url": "http://localhost:8080/cache/laravel/pail?v=v1.2.6",
                "reference": "aa71a01c309e7f66bc2ec4fb1a59291b82eb4abf",
                "shasum": ""
            },
            "type": "library",
            "license": [
                "MIT"
            ],
            "authors": [
                {
                    "name": "Taylor Otwell",
                    "email": "taylor@laravel.com"
                },
                {
                    "name": "Nuno Maduro",
                    "email": "enunomaduro@gmail.com"
                }
            ],
            "description": "Easily delve into your Laravel application's log files directly from the command line.",
            "homepage": "https://github.com/laravel/pail",
            "keywords": [
                "dev",
                "laravel",
                "logs",
                "php",
                "tail"
            ],
            "support": {
                "issues": "https://github.com/laravel/pail/issues",
                "source": "https://github.com/laravel/pail"
            },
            "time": "2026-02-09T13:44:54+00:00"
        },
        {
            "name": "laravel/pint",
            "version": "v1.29.0",
            "source": {
                "type": "git",
                "url": "https://github.com/laravel/pint.git",
                "reference": "bdec963f53172c5e36330f3a400604c69bf02d39"
            },
            "dist": {
                "type": "zip",
                "url": "http://localhost:8080/cache/laravel/pint?v=v1.29.0",
                "reference": "bdec963f53172c5e36330f3a400604c69bf02d39",
                "shasum": ""
            },
            "type": "project",
            "license": [
                "MIT"
            ],
            "authors": [
                {
                    "name": "Nuno Maduro",
                    "email": "enunomaduro@gmail.com"
                }
            ],
            "description": "An opinionated code formatter for PHP.",
            "homepage": "https://laravel.com",
            "keywords": [
                "dev",
                "format",
                "formatter",
                "lint",
                "linter",
                "php"
            ],
            "support": {
                "issues": "https://github.com/laravel/pint/issues",
                "source": "https://github.com/laravel/pint"
            },
            "time": "2026-03-12T15:51:39+00:00"
        },
        {
            "name": "mockery/mockery",
            "version": "1.6.12",
            "source": {
                "type": "git",
                "url": "https://github.com/mockery/mockery.git",
                "reference": "1f4efdd7d3beafe9807b08156dfcb176d18f1699"
            },
            "dist": {
                "type": "zip",
                "url": "http://localhost:8080/cache/mockery/mockery?v=1.6.12",
                "reference": "1f4efdd7d3beafe9807b08156dfcb176d18f1699",
                "shasum": ""
            },
            "type": "library",
            "license": [
                "BSD-3-Clause"
            ],
            "authors": [
                {
                    "name": "Pádraic Brady",
                    "email": "padraic.brady@gmail.com",
                    "homepage": "https://github.com/padraic"
                },
                {
                    "name": "Dave Marshall",
                    "email": "dave.marshall@atstsolutions.co.uk",
                    "homepage": "https://davedevelopment.co.uk"
                },
                {
                    "name": "Nathanael Esayeas",
                    "email": "nathanael.esayeas@protonmail.com",
                    "homepage": "https://github.com/ghostwriter"
                }
            ],
            "description": "Mockery is a simple yet flexible PHP mock object framework",
            "homepage": "https://github.com/mockery/mockery",
            "keywords": [
                "BDD",
                "TDD",
                "library",
                "mock",
                "mock objects",
                "mockery",
                "stub",
                "test",
                "test double",
                "testing"
            ],
            "support": {
                "issues": "https://github.com/mockery/mockery/issues",
                "source": "https://github.com/mockery/mockery"
            },
            "time": "2024-05-16T03:13:13+00:00"
        },
        {
            "name": "nunomaduro/collision",
            "version": "v8.9.2",
            "source": {
                "type": "git",
                "url": "https://github.com/nunomaduro/collision.git",
                "reference": "6eb16883e74fd725ac64dbe81544c961ab448ba5"
            },
            "dist": {
                "type": "zip",
                "url": "http://localhost:8080/cache/nunomaduro/collision?v=v8.9.2",
                "reference": "6eb16883e74fd725ac64dbe81544c961ab448ba5",
                "shasum": ""
            },
            "type": "library",
            "license": [
                "MIT"
            ],
            "authors": [
                {
                    "name": "Nuno Maduro",
                    "email": "enunomaduro@gmail.com"
                }
            ],
            "description": "Cli error handling for console/command-line PHP applications.",
            "keywords": [
                "artisan",
                "cli",
                "command-line",
                "console",
                "dev",
                "error",
                "handling",
                "laravel",
                "laravel-zero",
                "php",
                "symfony"
            ],
            "support": {
                "issues": "https://github.com/nunomaduro/collision/issues",
                "source": "https://github.com/nunomaduro/collision"
            },
            "time": "2026-03-31T21:51:27+00:00"
        },
        {
            "name": "phpunit/phpunit",
            "version": "12.5.15",
            "source": {
                "type": "git",
                "url": "https://github.com/sebastianbergmann/phpunit.git",
                "reference": "aeb6899ffdbbf4b4ff5e6b6ebb77b35c51bb6d9a"
            },
            "dist": {
                "type": "zip",
                "url": "http://localhost:8080/cache/phpunit/phpunit?v=12.5.15",
                "reference": "aeb6899ffdbbf4b4ff5e6b6ebb77b35c51bb6d9a",
                "shasum": ""
            },
            "type": "library",
            "license": [
                "BSD-3-Clause"
            ],
            "authors": [
                {
                    "name": "Sebastian Bergmann",
                    "email": "sebastian@phpunit.de"
                }
            ],
            "description": "The PHP Unit Testing framework.",
            "homepage": "https://phpunit.de/",
            "keywords": [
                "phpunit",
                "testing",
                "xunit"
            ],
            "support": {
                "issues": "https://github.com/sebastianbergmann/phpunit/issues",
                "source": "https://github.com/sebastianbergmann/phpunit/tree/12.5.15"
            },
            "time": "2026-03-31T06:41:33+00:00"
        }
    ],
    "aliases": [],
    "minimum-stability": "stable",
    "stability-flags": {},
    "prefer-stable": true,
    "prefer-lowest": false,
    "platform": {
        "php": "^8.3"
    },
    "platform-dev": {},
    "plugin-api-version": "2.9.0"
}
