{
    "_readme": [
        "This file locks the dependencies of your project to a known state",
        "Read more about it at https://getcomposer.org/doc/01-basic-usage.md#installing-dependencies",
        "This file is @generated automatically"
    ],
    "content-hash": "c4c159e305e48fa8b3930f3ee68916d4",
    "packages": [
        {
            "name": "laravel/framework",
            "version": "v13.1.0",
            "source": {
                "type": "git",
                "url": "https://github.com/laravel/framework.git",
                "reference": "32c5fa8b3d0150f97f1b98f5690eba34b73b3d75"
            },
            "dist": {
                "type": "zip",
                "url": "http://localhost:8080/cache/laravel/framework?v=v13.1.0",
                "reference": "32c5fa8b3d0150f97f1b98f5690eba34b73b3d75",
                "shasum": ""
            },
            "type": "library",
            "support": {
                "issues": "",
                "source": ""
            },
            "time": "2026-03-18T14:33:42+00:00"
        }
    ],
    "packages-dev": [],
    "aliases": [],
    "minimum-stability": "stable",
    "stability-flags": {},
    "prefer-stable": false,
    "prefer-lowest": false,
    "platform": {},
    "platform-dev": {},
    "plugin-api-version": "2.9.0"
}
