{
    "_readme": [
        "This file locks the dependencies of your project to a known state",
        "Read more about it at https://getcomposer.org/doc/01-basic-usage.md#installing-dependencies",
        "This file is @generated automatically"
    ],
    "content-hash": "92123d021d739f810c51bb9202b0984f",
    "packages": [
        {
            "name": "laravel/framework",
            "version": "v13.2.0",
            "source": {
                "type": "git",
                "url": "https://github.com/laravel/framework.git",
                "reference": "9e48d1fe933e89de628dafa167d2c5778566d4cf"
            },
            "dist": {
                "type": "zip",
                "url": "https://api.github.com/repos/laravel/framework/zipball/9e48d1fe933e89de628dafa167d2c5778566d4cf",
                "reference": "9e48d1fe933e89de628dafa167d2c5778566d4cf",
                "shasum": ""
            },
            "type": "library",
            "description": "The Laravel Framework.",
            "homepage": "https://laravel.com",
            "support": {
                "issues": "https://github.com/laravel/framework/issues",
                "source": "https://github.com/laravel/framework"
            },
            "time": "2026-03-24T18:42:09+00:00"
        }
    ],
    "packages-dev": [],
    "aliases": [],
    "minimum-stability": "stable",
    "stability-flags": {},
    "prefer-stable": false,
    "prefer-lowest": false,
    "platform": {},
    "platform-dev": {},
    "plugin-api-version": "2.9.0"
}
